version: 6
environments:
  default:
    channels:
    - url: https://conda.anaconda.org/nvidia/
    - url: https://conda.anaconda.org/conda-forge/
    - url: https://conda.anaconda.org/pytorch/
    options:
      pypi-prerelease-mode: if-necessary-or-explicit
    packages:
      win-64:
      - conda: https://conda.anaconda.org/conda-forge/win-64/blas-2.112-mkl.tar.bz2
      - conda: https://conda.anaconda.org/conda-forge/win-64/blas-devel-3.9.0-12_win64_mkl.tar.bz2
      - conda: https://conda.anaconda.org/conda-forge/win-64/bzip2-1.0.8-h0ad9c76_9.conda
      - conda: https://conda.anaconda.org/conda-forge/noarch/ca-certificates-2026.4.22-h4c7d964_0.conda
      - conda: https://conda.anaconda.org/nvidia/win-64/cuda-cccl-12.4.127-0.tar.bz2
      - conda: https://conda.anaconda.org/nvidia/win-64/cuda-cudart-11.8.89-0.tar.bz2
      - conda: https://conda.anaconda.org/nvidia/win-64/cuda-cudart-dev-11.8.89-0.tar.bz2
      - conda: https://conda.anaconda.org/nvidia/win-64/cuda-cupti-11.8.87-0.tar.bz2
      - conda: https://conda.anaconda.org/nvidia/win-64/cuda-libraries-11.8.0-0.tar.bz2
      - conda: https://conda.anaconda.org/nvidia/win-64/cuda-libraries-dev-11.8.0-0.tar.bz2
      - conda: https://conda.anaconda.org/nvidia/win-64/cuda-nvrtc-11.8.89-0.tar.bz2
      - conda: https://conda.anaconda.org/nvidia/win-64/cuda-nvrtc-dev-11.8.89-0.tar.bz2
      - conda: https://conda.anaconda.org/nvidia/win-64/cuda-nvtx-11.8.86-0.tar.bz2
      - conda: https://conda.anaconda.org/nvidia/win-64/cuda-profiler-api-12.4.127-0.tar.bz2
      - conda: https://conda.anaconda.org/nvidia/win-64/cuda-runtime-11.8.0-0.tar.bz2
      - conda: https://conda.anaconda.org/conda-forge/noarch/cuda-version-11.8-h70ddcb2_3.conda
      - conda: https://conda.anaconda.org/conda-forge/win-64/cudatoolkit-11.8.0-h09e9e62_13.conda
      - conda: https://conda.anaconda.org/conda-forge/win-64/cudnn-8.9.7.29-he6de189_3.conda
      - conda: https://conda.anaconda.org/conda-forge/noarch/filelock-3.29.0-pyhd8ed1ab_0.conda
      - conda: https://conda.anaconda.org/conda-forge/win-64/intel-openmp-2026.0.0-h57928b3_949.conda
      - conda: https://conda.anaconda.org/conda-forge/noarch/jinja2-3.1.6-pyhcf101f3_1.conda
      - conda: https://conda.anaconda.org/conda-forge/win-64/libblas-3.9.0-12_win64_mkl.tar.bz2
      - conda: https://conda.anaconda.org/conda-forge/win-64/libcblas-3.9.0-12_win64_mkl.tar.bz2
      - conda: https://conda.anaconda.org/nvidia/win-64/libcublas-11.11.3.6-0.tar.bz2
      - conda: https://conda.anaconda.org/nvidia/win-64/libcublas-dev-11.11.3.6-0.tar.bz2
      - conda: https://conda.anaconda.org/nvidia/win-64/libcufft-10.9.0.58-0.tar.bz2
      - conda: https://conda.anaconda.org/nvidia/win-64/libcufft-dev-10.9.0.58-0.tar.bz2
      - conda: https://conda.anaconda.org/nvidia/win-64/libcurand-10.3.5.147-0.tar.bz2
      - conda: https://conda.anaconda.org/nvidia/win-64/libcurand-dev-10.3.5.147-0.tar.bz2
      - conda: https://conda.anaconda.org/nvidia/win-64/libcusolver-11.4.1.48-0.tar.bz2
      - conda: https://conda.anaconda.org/nvidia/win-64/libcusolver-dev-11.4.1.48-0.tar.bz2
      - conda: https://conda.anaconda.org/nvidia/win-64/libcusparse-11.7.5.86-0.tar.bz2
      - conda: https://conda.anaconda.org/nvidia/win-64/libcusparse-dev-11.7.5.86-0.tar.bz2
      - conda: https://conda.anaconda.org/conda-forge/win-64/libexpat-2.8.0-hac47afa_0.conda
      - conda: https://conda.anaconda.org/conda-forge/win-64/libffi-3.5.2-h3d046cb_0.conda
      - conda: https://conda.anaconda.org/conda-forge/win-64/libhwloc-2.11.2-default_hc8275d1_1000.conda
      - conda: https://conda.anaconda.org/conda-forge/win-64/libiconv-1.18-hc1393d2_2.conda
      - conda: https://conda.anaconda.org/conda-forge/win-64/liblapack-3.9.0-12_win64_mkl.tar.bz2
      - conda: https://conda.anaconda.org/conda-forge/win-64/liblapacke-3.9.0-12_win64_mkl.tar.bz2
      - conda: https://conda.anaconda.org/conda-forge/win-64/liblzma-5.8.3-hfd05255_0.conda
      - conda: https://conda.anaconda.org/nvidia/win-64/libnpp-11.8.0.86-0.tar.bz2
      - conda: https://conda.anaconda.org/nvidia/win-64/libnpp-dev-11.8.0.86-0.tar.bz2
      - conda: https://conda.anaconda.org/nvidia/win-64/libnvjpeg-11.9.0.86-0.tar.bz2
      - conda: https://conda.anaconda.org/nvidia/win-64/libnvjpeg-dev-11.9.0.86-0.tar.bz2
      - conda: https://conda.anaconda.org/conda-forge/win-64/libsqlite-3.53.1-hf5d6505_0.conda
      - conda: https://conda.anaconda.org/conda-forge/win-64/libuv-1.51.0-hfd05255_1.conda
      - conda: https://conda.anaconda.org/conda-forge/win-64/libxml2-2.13.9-h741aa76_0.conda
      - conda: https://conda.anaconda.org/conda-forge/win-64/libzlib-1.3.2-hfd05255_2.conda
      - conda: https://conda.anaconda.org/conda-forge/win-64/libzlib-wapi-1.2.13-h2466b09_6.conda
      - conda: https://conda.anaconda.org/conda-forge/win-64/m2w64-gcc-libgfortran-5.3.0-6.tar.bz2
      - conda: https://conda.anaconda.org/conda-forge/win-64/m2w64-gcc-libs-5.3.0-7.tar.bz2
      - conda: https://conda.anaconda.org/conda-forge/win-64/m2w64-gcc-libs-core-5.3.0-7.tar.bz2
      - conda: https://conda.anaconda.org/conda-forge/win-64/m2w64-gmp-6.1.0-2.tar.bz2
      - conda: https://conda.anaconda.org/conda-forge/win-64/m2w64-libwinpthread-git-5.0.0.4634.697f757-2.tar.bz2
      - conda: https://conda.anaconda.org/conda-forge/win-64/markupsafe-3.0.3-py310hdb0e946_1.conda
      - conda: https://conda.anaconda.org/conda-forge/win-64/mkl-2021.4.0-h0e2418a_729.tar.bz2
      - conda: https://conda.anaconda.org/conda-forge/win-64/mkl-devel-2021.4.0-h57928b3_730.tar.bz2
      - conda: https://conda.anaconda.org/conda-forge/win-64/mkl-include-2021.4.0-h0e2418a_729.tar.bz2
      - conda: https://conda.anaconda.org/conda-forge/noarch/mpmath-1.4.1-pyhd8ed1ab_0.conda
      - conda: https://conda.anaconda.org/conda-forge/win-64/msys2-conda-epoch-20160418-1.tar.bz2
      - conda: https://conda.anaconda.org/conda-forge/noarch/networkx-3.4.2-pyh267e887_2.conda
      - conda: https://conda.anaconda.org/conda-forge/win-64/openssl-3.6.2-hf411b9b_0.conda
      - conda: https://conda.anaconda.org/conda-forge/win-64/pthreads-win32-2.9.1-h2466b09_4.conda
      - conda: https://conda.anaconda.org/conda-forge/win-64/python-3.10.20-hc20f281_0_cpython.conda
      - conda: https://conda.anaconda.org/conda-forge/noarch/python_abi-3.10-8_cp310.conda
      - conda: https://conda.anaconda.org/pytorch/win-64/pytorch-2.3.1-py3.10_cuda11.8_cudnn8_0.tar.bz2
      - conda: https://conda.anaconda.org/pytorch/win-64/pytorch-cuda-11.8-h24eeafa_6.tar.bz2
      - conda: https://conda.anaconda.org/pytorch/noarch/pytorch-mutex-1.0-cuda.tar.bz2
      - conda: https://conda.anaconda.org/conda-forge/win-64/pyyaml-6.0.3-py310hdb0e946_1.conda
      - conda: https://conda.anaconda.org/conda-forge/noarch/sympy-1.14.0-pyh04b8f61_6.conda
      - conda: https://conda.anaconda.org/conda-forge/win-64/tbb-2021.13.0-h62715c5_1.conda
      - conda: https://conda.anaconda.org/conda-forge/win-64/tk-8.6.13-h6ed50ae_3.conda
      - conda: https://conda.anaconda.org/conda-forge/noarch/typing_extensions-4.15.0-pyhcf101f3_0.conda
      - conda: https://conda.anaconda.org/conda-forge/noarch/tzdata-2025c-hc9c84f9_1.conda
      - conda: https://conda.anaconda.org/conda-forge/win-64/ucrt-10.0.26100.0-h57928b3_0.conda
      - conda: https://conda.anaconda.org/conda-forge/win-64/vc-14.3-h41ae7f8_36.conda
      - conda: https://conda.anaconda.org/conda-forge/win-64/vc14_runtime-14.44.35208-h818238b_36.conda
      - conda: https://conda.anaconda.org/conda-forge/win-64/vcomp14-14.44.35208-h818238b_36.conda
      - conda: https://conda.anaconda.org/conda-forge/win-64/yaml-0.2.5-h6a83c73_3.conda
packages:
- conda: https://conda.anaconda.org/conda-forge/win-64/blas-2.112-mkl.tar.bz2
  build_number: 12
  sha256: 2bd018ce37ccddb8c591d7cb925d7f9db8dcbd071b2ce00087ff6725410ecd26
  md5: 8de274ed649974a72f5ed6bd091647ea
  depends:
  - blas-devel 3.9.0 12_win64_mkl
  - libblas 3.9.0 12_win64_mkl
  - libcblas 3.9.0 12_win64_mkl
  - liblapack 3.9.0 12_win64_mkl
  - liblapacke 3.9.0 12_win64_mkl
  - m2w64-gcc-libs
  license: BSD-3-Clause
  license_family: BSD
  size: 13079
  timestamp: 1634287234843
- conda: https://conda.anaconda.org/conda-forge/win-64/blas-devel-3.9.0-12_win64_mkl.tar.bz2
  build_number: 12
  sha256: 1abe58bfa925723fa7fd8e111058805af9b0ade58f22ae0668e21aa879021409
  md5: 3b58e543843b96159163ee8070dec4df
  depends:
  - libblas 3.9.0 12_win64_mkl
  - libcblas 3.9.0 12_win64_mkl
  - liblapack 3.9.0 12_win64_mkl
  - liblapacke 3.9.0 12_win64_mkl
  - mkl >=2021.4.0,<2022.0a0
  - mkl-devel
  license: BSD-3-Clause
  license_family: BSD
  size: 12530
  timestamp: 1634287066669
- conda: https://conda.anaconda.org/conda-forge/win-64/bzip2-1.0.8-h0ad9c76_9.conda
  sha256: 76dfb71df5e8d1c4eded2dbb5ba15bb8fb2e2b0fe42d94145d5eed4c75c35902
  md5: 4cb8e6b48f67de0b018719cdf1136306
  depends:
  - ucrt >=10.0.20348.0
  - vc >=14.3,<15
  - vc14_runtime >=14.44.35208
  license: bzip2-1.0.6
  license_family: BSD
  size: 56115
  timestamp: 1771350256444
- conda: https://conda.anaconda.org/conda-forge/noarch/ca-certificates-2026.4.22-h4c7d964_0.conda
  sha256: 6f4ff81534c19e76acf52fcabf4a258088a932b8f1ac56e9a59e98f6051f8e46
  md5: 56fb2c6c73efc627b40c77d14caecfba
  depends:
  - __win
  license: ISC
  size: 131388
  timestamp: 1776865633471
- conda: https://conda.anaconda.org/nvidia/win-64/cuda-cccl-12.4.127-0.tar.bz2
  sha256: 39d27e2c248ec22e703fee252181c3cc67da8c0871ef521e222ebca16562ec3d
  md5: c69097159da466cef84d4cf0099effee
  size: 1455621
  timestamp: 1710540262059
- conda: https://conda.anaconda.org/nvidia/win-64/cuda-cudart-11.8.89-0.tar.bz2
  sha256: a917fdddfbd65d5b00f49ee457d5c95b2a64fbd57df27293aca10c2f3cf1a1a1
  md5: cd0f6ab42e0ccba5f6899c531ea193c1
  size: 1504184
  timestamp: 1664286792931
- conda: https://conda.anaconda.org/nvidia/win-64/cuda-cudart-dev-11.8.89-0.tar.bz2
  sha256: e08ae33ff57687a2e39791cf4f0721d0e4e30bfca648764a0c02696266361778
  md5: a4b0b3a1b7aa79ff39f6d3b1e7c62de3
  depends:
  - cuda-cccl
  - cuda-cudart >=11.8.89
  size: 740749
  timestamp: 1664286829467
- conda: https://conda.anaconda.org/nvidia/win-64/cuda-cupti-11.8.87-0.tar.bz2
  sha256: 764417d54aac247a679893bcece740a591de46dc47c280f8444a8cd28c37ef8c
  md5: f18f6268a222d476c804d4adadd4926a
  size: 12021239
  timestamp: 1661555795059
- conda: https://conda.anaconda.org/nvidia/win-64/cuda-libraries-11.8.0-0.tar.bz2
  sha256: cdd206136b1a825a002cb2873ef94b0ae2be2c29a2f3d91e69d9f9da5c1df2f6
  md5: 4a0d16015f1480c6b6845a4d17b9563b
  depends:
  - cuda-cudart >=11.8.89
  - cuda-nvrtc >=11.8.89
  - libcublas >=11.11.3.6
  - libcufft >=10.9.0.58
  - libcurand >=10.3.0.86
  - libcusolver >=11.4.1.48
  - libcusparse >=11.7.5.86
  - libnpp >=11.8.0.86
  - libnvjpeg >=11.9.0.86
  size: 1463
  timestamp: 1664475516910
- conda: https://conda.anaconda.org/nvidia/win-64/cuda-libraries-dev-11.8.0-0.tar.bz2
  sha256: 3a0c8b8412d963f2e09473fc2a480f2a9cff20081423d08cda48dfddfde25fa4
  md5: 4dceddb905013e47bee99757d42dfdd4
  depends:
  - cuda-cccl >=11.8.89
  - cuda-cudart-dev >=11.8.89
  - cuda-nvrtc-dev >=11.8.89
  - cuda-profiler-api >=11.8.86
  - libcublas-dev >=11.11.3.6
  - libcufft-dev >=10.9.0.58
  - libcurand-dev >=10.3.0.86
  - libcusolver-dev >=11.4.1.48
  - libcusparse-dev >=11.7.5.86
  - libnpp-dev >=11.8.0.86
  - libnvjpeg-dev >=11.9.0.86
  size: 1487
  timestamp: 1664475528451
- conda: https://conda.anaconda.org/nvidia/win-64/cuda-nvrtc-11.8.89-0.tar.bz2
  sha256: 5cbdc9d72a35154ef52fdb801d7103516f19ca24b63b3ddf7888cd9f4d8d07c1
  md5: d692bd090a4a9638ac15709cde2400da
  size: 75580278
  timestamp: 1663786980367
- conda: https://conda.anaconda.org/nvidia/win-64/cuda-nvrtc-dev-11.8.89-0.tar.bz2
  sha256: 9e774a9f64791ddc005b5d9f2ba8172532888a199d8dbe419b5635bc43c4939a
  md5: 18132d5744a60ec64ab62e35a7a4d618
  depends:
  - cuda-nvrtc >=11.8.89
  size: 16851968
  timestamp: 1663787086539
- conda: https://conda.anaconda.org/nvidia/win-64/cuda-nvtx-11.8.86-0.tar.bz2
  sha256: 8480f3eea0dc79bd18399fe7316e319df4a843ab640ec8576a60fe684ac9c704
  md5: 7874207353c834d34217555785859dba
  size: 44023
  timestamp: 1661472083764
- conda: https://conda.anaconda.org/nvidia/win-64/cuda-profiler-api-12.4.127-0.tar.bz2
  sha256: 0cc55c329937d309fb4a3cccd9d79977e54998447c18643beb48fc8aebfbb28c
  md5: 4b015c91c6821468e18c5ac27738e922
  size: 19126
  timestamp: 1710545303841
- conda: https://conda.anaconda.org/nvidia/win-64/cuda-runtime-11.8.0-0.tar.bz2
  sha256: be27c5324f9b5716751fbda0a52214fd2ba2dc787482048804667315f8675233
  md5: 9782ebd2dc96d2fd463c0d4a99254da6
  depends:
  - cuda-libraries >=11.8.0
  size: 1379
  timestamp: 1664475571532
- conda: https://conda.anaconda.org/conda-forge/noarch/cuda-version-11.8-h70ddcb2_3.conda
  sha256: 53e0ffc14ea2f2b8c12320fd2aa38b01112763eba851336ff5953b436ae61259
  md5: 670f0e1593b8c1d84f57ad5fe5256799
  constrains:
  - cudatoolkit 11.8|11.8.*
  - __cuda >=11
  license: LicenseRef-NVIDIA-End-User-License-Agreement
  size: 21043
  timestamp: 1709765911943
- conda: https://conda.anaconda.org/conda-forge/win-64/cudatoolkit-11.8.0-h09e9e62_13.conda
  sha256: 45491dddc59d4ae8abba3640056da3c3a81b93e87a5b56f336f5ffabf58d14b3
  md5: 56d440fefc5a01e631bbdb9e1f1701ad
  depends:
  - ucrt >=10.0.20348.0
  - vc >=14.2,<15
  - vc14_runtime >=14.29.30139
  constrains:
  - __cuda >=11
  license: LicenseRef-NVIDIA-End-User-License-Agreement
  size: 726105666
  timestamp: 1706883637901
- conda: https://conda.anaconda.org/conda-forge/win-64/cudnn-8.9.7.29-he6de189_3.conda
  sha256: 140b25e4df96d317de8a2ebf744b9e8e763a8a146acfdd8acd411659c6dafd80
  md5: 083d66898b460391c0b912e92e141250
  depends:
  - cuda-version >=11.0,<12.0a0
  - cudatoolkit 11.*
  - libzlib-wapi >=1.2.13,<1.3.0a0
  - ucrt >=10.0.20348.0
  - vc >=14.2,<15
  - vc14_runtime >=14.29.30139
  license: LicenseRef-cuDNN-Software-License-Agreement
  size: 458138472
  timestamp: 1710308712723
- conda: https://conda.anaconda.org/conda-forge/noarch/filelock-3.29.0-pyhd8ed1ab_0.conda
  sha256: 6b471a18372bbd52bdf32fc965f71de3bc1b5219418b8e6b3875a67a7b08c483
  md5: 8fa8358d022a3a9bd101384a808044c6
  depends:
  - python >=3.10
  license: Unlicense
  size: 34211
  timestamp: 1776621506566
- conda: https://conda.anaconda.org/conda-forge/win-64/intel-openmp-2026.0.0-h57928b3_949.conda
  sha256: 97376c49acd7940cc10858d1709c4aa808881394749836d00370cf164f871c63
  md5: 10f0b6c3ea2a1d48496c245faa5c422e
  license: LicenseRef-IntelSimplifiedSoftwareOct2022
  license_family: Proprietary
  size: 21039303
  timestamp: 1778775909064
- conda: https://conda.anaconda.org/conda-forge/noarch/jinja2-3.1.6-pyhcf101f3_1.conda
  sha256: fc9ca7348a4f25fed2079f2153ecdcf5f9cf2a0bc36c4172420ca09e1849df7b
  md5: 04558c96691bed63104678757beb4f8d
  depends:
  - markupsafe >=2.0
  - python >=3.10
  - python
  license: BSD-3-Clause
  license_family: BSD
  size: 120685
  timestamp: 1764517220861
- conda: https://conda.anaconda.org/conda-forge/win-64/libblas-3.9.0-12_win64_mkl.tar.bz2
  build_number: 12
  sha256: 7ea60e836b5b4b289acc0f0f29a96ddc578739e592b455af7471f517854834b5
  md5: 96b3e24fd626a2a964c81045da31c7b1
  depends:
  - mkl 2021.4.0 h0e2418a_729
  constrains:
  - liblapack 3.9.0 12_win64_mkl
  - liblapacke 3.9.0 12_win64_mkl
  - libcblas 3.9.0 12_win64_mkl
  - blas * mkl
  - mkl <2025
  license: BSD-3-Clause
  license_family: BSD
  size: 4703668
  timestamp: 1634286893645
- conda: https://conda.anaconda.org/conda-forge/win-64/libcblas-3.9.0-12_win64_mkl.tar.bz2
  build_number: 12
  sha256: 8dfa3148412e33bbe52bd011957df5a0d27c9c84899ea2a63870d60b559ac7fd
  md5: 5103ff857d4086ae01f2df8757f31d0b
  depends:
  - libblas 3.9.0 12_win64_mkl
  constrains:
  - liblapack 3.9.0 12_win64_mkl
  - liblapacke 3.9.0 12_win64_mkl
  - blas * mkl
  - mkl <2025
  license: BSD-3-Clause
  license_family: BSD
  size: 4704018
  timestamp: 1634286933365
- conda: https://conda.anaconda.org/nvidia/win-64/libcublas-11.11.3.6-0.tar.bz2
  sha256: 94a715cddad661b3e9f6114f52c2334961d169e513f8a28ee402d7d1bc7b59a5
  md5: 750e01875ed59059ae043d09d262968d
  size: 33340
  timestamp: 1662505126909
- conda: https://conda.anaconda.org/nvidia/win-64/libcublas-dev-11.11.3.6-0.tar.bz2
  sha256: e386b874d40d1c3a3949965a739758c86cdbaaa7974b3c9e55f58b35eeaedfe5
  md5: ec868c016e21a206980c57cacc2d8fbc
  depends:
  - libcublas >=11.11.3.6
  size: 394161490
  timestamp: 1662505240420
- conda: https://conda.anaconda.org/nvidia/win-64/libcufft-10.9.0.58-0.tar.bz2
  sha256: 3d2ed82d737bef0b3aff8818b683054e92560b5751ca789fee0b4e0ff28ffa1e
  md5: df178db30b5abcaa0a5f3a369a1fe19c
  size: 5746
  timestamp: 1661487474010
- conda: https://conda.anaconda.org/nvidia/win-64/libcufft-dev-10.9.0.58-0.tar.bz2
  sha256: c41d19d1f149bfb497f87fed82ca95986b47ad2f65ef3fe9d82a8f4e9ac6f94b
  md5: 3324bab83e7415785abdcc80ebceda72
  depends:
  - libcufft >=10.9.0.58
  size: 151605496
  timestamp: 1661487529656
- conda: https://conda.anaconda.org/nvidia/win-64/libcurand-10.3.5.147-0.tar.bz2
  sha256: 039ad35b8cb50bdfbacbad67cbc8496aaa1f9afabf9d2945c77d6bcf5d6d1c0f
  md5: a28f5f60348a2f498314d47f9c677441
  size: 3622
  timestamp: 1710545967557
- conda: https://conda.anaconda.org/nvidia/win-64/libcurand-dev-10.3.5.147-0.tar.bz2
  sha256: be06a8bcadcc30117a0a7d34a9f88f19fd70e6b72addc56069b4f12795e3dd44
  md5: 5e7299fb7982b3add1ea8580b56e58a5
  depends:
  - libcurand >=10.3.5.147
  size: 52136536
  timestamp: 1710546052359
- conda: https://conda.anaconda.org/nvidia/win-64/libcusolver-11.4.1.48-0.tar.bz2
  sha256: 52ddfd0014cfa7ae42b6cb69456b1bd3ee98b78032fdb97078737cbeb5e9af69
  md5: 43cd3c2bcbdfac91708e96fe6b554676
  size: 30113
  timestamp: 1661491697289
- conda: https://conda.anaconda.org/nvidia/win-64/libcusolver-dev-11.4.1.48-0.tar.bz2
  sha256: 3248538afe99bb6e0e4b452ed8384ccb3c4568996ac3f1778dbffb92a108a00a
  md5: 5be85962afcb4326fc6e80294d2b15e5
  depends:
  - libcusolver >=11.4.1.48
  size: 98631185
  timestamp: 1661491755667
- conda: https://conda.anaconda.org/nvidia/win-64/libcusparse-11.7.5.86-0.tar.bz2
  sha256: 94791bb519e97c36b7fcf9f6dceca3b0af1f1df6a2195ece0bbc6a71dac497a3
  md5: b2cbca2503fdb48486228f97265fc4dd
  size: 13815
  timestamp: 1661489578074
- conda: https://conda.anaconda.org/nvidia/win-64/libcusparse-dev-11.7.5.86-0.tar.bz2
  sha256: e42098e450a4668a7c4a3f88852d30a8a3c20d188783eba93b84815d4e3878d0
  md5: e2fe98ab4b1442f85024c2fe96bc7a61
  depends:
  - libcusparse >=11.7.5.86
  size: 184205787
  timestamp: 1661489632961
- conda: https://conda.anaconda.org/conda-forge/win-64/libexpat-2.8.0-hac47afa_0.conda
  sha256: 2d81d647c1f01108803457cac999b947456f44dd0a3c2325395677feacaeca67
  md5: 264e350e035092b5135a2147c238aec4
  depends:
  - ucrt >=10.0.20348.0
  - vc >=14.3,<15
  - vc14_runtime >=14.44.35208
  constrains:
  - expat 2.8.0.*
  license: MIT
  license_family: MIT
  size: 71094
  timestamp: 1777846223617
- conda: https://conda.anaconda.org/conda-forge/win-64/libffi-3.5.2-h3d046cb_0.conda
  sha256: 59d01f2dfa8b77491b5888a5ab88ff4e1574c9359f7e229da254cdfe27ddc190
  md5: 720b39f5ec0610457b725eb3f396219a
  depends:
  - ucrt >=10.0.20348.0
  - vc >=14.3,<15
  - vc14_runtime >=14.44.35208
  license: MIT
  license_family: MIT
  size: 45831
  timestamp: 1769456418774
- conda: https://conda.anaconda.org/conda-forge/win-64/libhwloc-2.11.2-default_hc8275d1_1000.conda
  sha256: 29db3126762be449bf137d0ce6662e0c95ce79e83a0685359012bb86c9ceef0a
  md5: 2805c2eb3a74df931b3e2b724fcb965e
  depends:
  - libxml2 >=2.12.7,<2.14.0a0
  - pthreads-win32
  - ucrt >=10.0.20348.0
  - vc >=14.2,<15
  - vc14_runtime >=14.29.30139
  license: BSD-3-Clause
  license_family: BSD
  size: 2389010
  timestamp: 1727380221363
- conda: https://conda.anaconda.org/conda-forge/win-64/libiconv-1.18-hc1393d2_2.conda
  sha256: 0dcdb1a5f01863ac4e8ba006a8b0dc1a02d2221ec3319b5915a1863254d7efa7
  md5: 64571d1dd6cdcfa25d0664a5950fdaa2
  depends:
  - ucrt >=10.0.20348.0
  - vc >=14.3,<15
  - vc14_runtime >=14.44.35208
  license: LGPL-2.1-only
  size: 696926
  timestamp: 1754909290005
- conda: https://conda.anaconda.org/conda-forge/win-64/liblapack-3.9.0-12_win64_mkl.tar.bz2
  build_number: 12
  sha256: 5a33e7b174c86a7650cdf4d7ebc2bfda63c79960979d04a891bc5c6a26722cd0
  md5: e2971c6292cb0daf16bced80b9aa767a
  depends:
  - libblas 3.9.0 12_win64_mkl
  constrains:
  - liblapacke 3.9.0 12_win64_mkl
  - libcblas 3.9.0 12_win64_mkl
  - blas * mkl
  - mkl <2025
  license: BSD-3-Clause
  license_family: BSD
  size: 4704763
  timestamp: 1634286972494
- conda: https://conda.anaconda.org/conda-forge/win-64/liblapacke-3.9.0-12_win64_mkl.tar.bz2
  build_number: 12
  sha256: d313e36792847e955756c197ccf67409a525b417c38d2e4c24f2f6577abcdb33
  md5: 94073b625e52b76c3c55c6883c33def4
  depends:
  - libblas 3.9.0 12_win64_mkl
  - libcblas 3.9.0 12_win64_mkl
  - liblapack 3.9.0 12_win64_mkl
  constrains:
  - blas * mkl
  - mkl <2025
  license: BSD-3-Clause
  license_family: BSD
  size: 4703828
  timestamp: 1634287013875
- conda: https://conda.anaconda.org/conda-forge/win-64/liblzma-5.8.3-hfd05255_0.conda
  sha256: d636d1a25234063642f9c531a7bb58d84c1c496411280a36ea000bd122f078f1
  md5: 8f83619ab1588b98dd99c90b0bfc5c6d
  depends:
  - ucrt >=10.0.20348.0
  - vc >=14.3,<15
  - vc14_runtime >=14.44.35208
  constrains:
  - xz 5.8.3.*
  license: 0BSD
  size: 106486
  timestamp: 1775825663227
- conda: https://conda.anaconda.org/nvidia/win-64/libnpp-11.8.0.86-0.tar.bz2
  sha256: 128d6ee4f3cbbb9cd4d40e6eb3d41f0724bb4da4f5e400cb623e2540b7814fca
  md5: 84696e7fac0af2c9fe57eec5e2ca56f5
  size: 300884
  timestamp: 1661488904965
- conda: https://conda.anaconda.org/nvidia/win-64/libnpp-dev-11.8.0.86-0.tar.bz2
  sha256: b414e608a8c532ee9abff2d641622b12fcd681ed9b1886cbe8b8a18344029944
  md5: b7a4f974dec24d055e46217db1b263a6
  depends:
  - libnpp >=11.8.0.86
  size: 150135083
  timestamp: 1661488961818
- conda: https://conda.anaconda.org/nvidia/win-64/libnvjpeg-11.9.0.86-0.tar.bz2
  sha256: 967ea6fc541f6ba27f1319e5c53cd70532d28b9601cc52dd9b0cfe22d9faf579
  md5: 9ddfe10567159ae9380d4b10d8cf1670
  size: 4575
  timestamp: 1661546314478
- conda: https://conda.anaconda.org/nvidia/win-64/libnvjpeg-dev-11.9.0.86-0.tar.bz2
  sha256: 3a0e492e9adbeb9dbd7b2b56ead92318364f590f02e601025aa5fec8644d9d80
  md5: f116753a5673e7b113f5e06081059f6d
  depends:
  - libnvjpeg >=11.9.0.86
  size: 1985777
  timestamp: 1661546407696
- conda: https://conda.anaconda.org/conda-forge/win-64/libsqlite-3.53.1-hf5d6505_0.conda
  sha256: e70562450332ca8954bc16f3455468cca5ef3695c7d7187ecc87f8fc3c70e9eb
  md5: 7fea434a17c323256acc510a041b80d7
  depends:
  - ucrt >=10.0.20348.0
  - vc >=14.3,<15
  - vc14_runtime >=14.44.35208
  license: blessing
  size: 1304178
  timestamp: 1777986510497
- conda: https://conda.anaconda.org/conda-forge/win-64/libuv-1.51.0-hfd05255_1.conda
  sha256: f03dc82e6fb1725788e73ae97f0cd3d820d5af0d351a274104a0767035444c59
  md5: 31e1545994c48efc3e6ea32ca02a8724
  depends:
  - ucrt >=10.0.20348.0
  - vc >=14.3,<15
  - vc14_runtime >=14.44.35208
  license: MIT
  license_family: MIT
  size: 297087
  timestamp: 1753948490874
- conda: https://conda.anaconda.org/conda-forge/win-64/libxml2-2.13.9-h741aa76_0.conda
  sha256: 28ac5bbed11644b9e06241ba1dfdac7e3a99e74b69915d45f646717ad9645ca5
  md5: 333d21ab129d5fa5742225bf1d7557a5
  depends:
  - libiconv >=1.18,<2.0a0
  - libzlib >=1.3.1,<2.0a0
  - ucrt >=10.0.20348.0
  - vc >=14.3,<15
  - vc14_runtime >=14.44.35208
  license: MIT
  license_family: MIT
  size: 1521446
  timestamp: 1761766307746
- conda: https://conda.anaconda.org/conda-forge/win-64/libzlib-1.3.2-hfd05255_2.conda
  sha256: 88609816e0cc7452bac637aaf65783e5edf4fee8a9f8e22bdc3a75882c536061
  md5: dbabbd6234dea34040e631f87676292f
  depends:
  - ucrt >=10.0.20348.0
  - vc >=14.3,<15
  - vc14_runtime >=14.44.35208
  constrains:
  - zlib 1.3.2 *_2
  license: Zlib
  license_family: Other
  size: 58347
  timestamp: 1774072851498
- conda: https://conda.anaconda.org/conda-forge/win-64/libzlib-wapi-1.2.13-h2466b09_6.conda
  sha256: dd92ecd1f39e17623fd6149cf0dc7f675d2f9e091ef2b1774a85e9e545434102
  md5: 84ac5ada002445227139f8f659cf6d93
  depends:
  - ucrt >=10.0.20348.0
  - vc >=14.2,<15
  - vc14_runtime >=14.29.30139
  constrains:
  - zlib-wapi 1.2.13 *_6
  - zlib 1.2.13 *_6
  license: Zlib
  license_family: Other
  size: 56048
  timestamp: 1716874638604
- conda: https://conda.anaconda.org/conda-forge/win-64/m2w64-gcc-libgfortran-5.3.0-6.tar.bz2
  sha256: 9de95a7996d5366ae0808eef2acbc63f9b11b874aa42375f55379e6715845dc6
  md5: 066552ac6b907ec6d72c0ddab29050dc
  depends:
  - m2w64-gcc-libs-core
  - msys2-conda-epoch ==20160418
  license: GPL, LGPL, FDL, custom
  size: 350687
  timestamp: 1608163451316
- conda: https://conda.anaconda.org/conda-forge/win-64/m2w64-gcc-libs-5.3.0-7.tar.bz2
  sha256: 3bd1ab02b7c89a5b153a17be03b36d833f1517ff2a6a77ead7c4a808b88196aa
  md5: fe759119b8b3bfa720b8762c6fdc35de
  depends:
  - m2w64-gcc-libgfortran
  - m2w64-gcc-libs-core
  - m2w64-gmp
  - m2w64-libwinpthread-git
  - msys2-conda-epoch ==20160418
  license: GPL3+, partial:GCCRLE, partial:LGPL2+
  size: 532390
  timestamp: 1608163512830
- conda: https://conda.anaconda.org/conda-forge/win-64/m2w64-gcc-libs-core-5.3.0-7.tar.bz2
  sha256: 58afdfe859ed2e9a9b1cc06bc408720cb2c3a6a132e59d4805b090d7574f4ee0
  md5: 4289d80fb4d272f1f3b56cfe87ac90bd
  depends:
  - m2w64-gmp
  - m2w64-libwinpthread-git
  - msys2-conda-epoch ==20160418
  license: GPL3+, partial:GCCRLE, partial:LGPL2+
  size: 219240
  timestamp: 1608163481341
- conda: https://conda.anaconda.org/conda-forge/win-64/m2w64-gmp-6.1.0-2.tar.bz2
  sha256: 7e3cd95f554660de45f8323fca359e904e8d203efaf07a4d311e46d611481ed1
  md5: 53a1c73e1e3d185516d7e3af177596d9
  depends:
  - msys2-conda-epoch ==20160418
  license: LGPL3
  size: 743501
  timestamp: 1608163782057
- conda: https://conda.anaconda.org/conda-forge/win-64/m2w64-libwinpthread-git-5.0.0.4634.697f757-2.tar.bz2
  sha256: f63a09b2cae7defae0480f1740015d6235f1861afa6fe2e2d3e10bd0d1314ee0
  md5: 774130a326dee16f1ceb05cc687ee4f0
  depends:
  - msys2-conda-epoch ==20160418
  license: MIT, BSD
  size: 31928
  timestamp: 1608166099896
- conda: https://conda.anaconda.org/conda-forge/win-64/markupsafe-3.0.3-py310hdb0e946_1.conda
  sha256: 174f03b12af229fe937cceba1fbac3bc02c9845f78cb02d8d5e702562f03ae36
  md5: ad72e0e0432934e97fd356ed334170d9
  depends:
  - python >=3.10,<3.11.0a0
  - python_abi 3.10.* *_cp310
  - ucrt >=10.0.20348.0
  - vc >=14.3,<15
  - vc14_runtime >=14.44.35208
  constrains:
  - jinja2 >=3.0.0
  license: BSD-3-Clause
  license_family: BSD
  size: 26828
  timestamp: 1772445195768
- conda: https://conda.anaconda.org/conda-forge/win-64/mkl-2021.4.0-h0e2418a_729.tar.bz2
  sha256: 176f7a7a85f0ab9aa088ac2f7ea4c71af1136d8848577679c07601500f02fe6e
  md5: 42fcb45077a716cb8d967117b8b88f28
  depends:
  - intel-openmp
  - tbb 2021.*
  license: LicenseRef-ProprietaryIntel
  license_family: Proprietary
  size: 190533975
  timestamp: 1634135963474
- conda: https://conda.anaconda.org/conda-forge/win-64/mkl-devel-2021.4.0-h57928b3_730.tar.bz2
  sha256: bead6fc67cc499e5e53bd76c912d8905719422995aaafa72b2ca8c7d18164fb5
  md5: 8ad71858d5fc071b945bae5d56946b8f
  depends:
  - mkl 2021.4.0 h0e2418a_729
  - mkl-include 2021.4.0 h0e2418a_729
  license: LicenseRef-ProprietaryIntel
  license_family: Proprietary
  size: 6005618
  timestamp: 1634136126567
- conda: https://conda.anaconda.org/conda-forge/win-64/mkl-include-2021.4.0-h0e2418a_729.tar.bz2
  sha256: d07c44d4054f208681737522b6f9fe25b00b7f2a10acb2dccda5ef84536bfa79
  md5: cfef4528d0bc2dc0d72c4269495e14da
  license: LicenseRef-ProprietaryIntel
  license_family: Proprietary
  size: 788676
  timestamp: 1634135656295
- conda: https://conda.anaconda.org/conda-forge/noarch/mpmath-1.4.1-pyhd8ed1ab_0.conda
  sha256: 5bbf2f8179ec43d34d67ca8e4989d216c1bdb4b749fe6cb40e86ebf88c1b5300
  md5: 2e81b32b805f406d23ba61938a184081
  depends:
  - python >=3.10
  license: BSD-3-Clause
  license_family: BSD
  size: 464918
  timestamp: 1773662068273
- conda: https://conda.anaconda.org/conda-forge/win-64/msys2-conda-epoch-20160418-1.tar.bz2
  sha256: 99358d58d778abee4dca82ad29fb58058571f19b0f86138363c260049d4ac7f1
  md5: b0309b72560df66f71a9d5e34a5efdfa
  size: 3227
  timestamp: 1608166968312
- conda: https://conda.anaconda.org/conda-forge/noarch/networkx-3.4.2-pyh267e887_2.conda
  sha256: 39625cd0c9747fa5c46a9a90683b8997d8b9649881b3dc88336b13b7bdd60117
  md5: fd40bf7f7f4bc4b647dc8512053d9873
  depends:
  - python >=3.10
  - python
  constrains:
  - numpy >=1.24
  - scipy >=1.10,!=1.11.0,!=1.11.1
  - matplotlib >=3.7
  - pandas >=2.0
  license: BSD-3-Clause
  license_family: BSD
  size: 1265008
  timestamp: 1731521053408
- conda: https://conda.anaconda.org/conda-forge/win-64/openssl-3.6.2-hf411b9b_0.conda
  sha256: feb5815125c60f2be4a411e532db1ed1cd2d7261a6a43c54cb6ae90724e2e154
  md5: 05c7d624cff49dbd8db1ad5ba537a8a3
  depends:
  - ca-certificates
  - ucrt >=10.0.20348.0
  - vc >=14.3,<15
  - vc14_runtime >=14.44.35208
  license: Apache-2.0
  license_family: Apache
  size: 9410183
  timestamp: 1775589779763
- conda: https://conda.anaconda.org/conda-forge/win-64/pthreads-win32-2.9.1-h2466b09_4.conda
  sha256: b989bdcf0a22ba05a238adac1ad3452c11871681f565e509f629e225a26b7d45
  md5: cf98a67a1ec8040b42455002a24f0b0b
  depends:
  - ucrt >=10.0.20348.0
  - vc >=14.2,<15
  - vc14_runtime >=14.29.30139
  license: LGPL-2.1-or-later
  size: 265827
  timestamp: 1728400965968
- conda: https://conda.anaconda.org/conda-forge/win-64/python-3.10.20-hc20f281_0_cpython.conda
  sha256: e71595dd281a9902d7b84f545f16d7d4c0fb62cc6816431301f8f4870c94dc8c
  md5: 6c18c24d33a7ac8a4f81c68b8eb8581b
  depends:
  - bzip2 >=1.0.8,<2.0a0
  - libexpat >=2.7.4,<3.0a0
  - libffi >=3.4,<4.0a0
  - liblzma >=5.8.2,<6.0a0
  - libsqlite >=3.51.2,<4.0a0
  - libzlib >=1.3.1,<2.0a0
  - openssl >=3.5.5,<4.0a0
  - tk >=8.6.13,<8.7.0a0
  - tzdata
  - ucrt >=10.0.20348.0
  - vc >=14.3,<15
  - vc14_runtime >=14.44.35208
  constrains:
  - python_abi 3.10.* *_cp310
  license: Python-2.0
  size: 16028082
  timestamp: 1772728853200
- conda: https://conda.anaconda.org/conda-forge/noarch/python_abi-3.10-8_cp310.conda
  build_number: 8
  sha256: 7ad76fa396e4bde336872350124c0819032a9e8a0a40590744ff9527b54351c1
  md5: 05e00f3b21e88bb3d658ac700b2ce58c
  constrains:
  - python 3.10.* *_cpython
  license: BSD-3-Clause
  license_family: BSD
  size: 6999
  timestamp: 1752805924192
- conda: https://conda.anaconda.org/pytorch/win-64/pytorch-2.3.1-py3.10_cuda11.8_cudnn8_0.tar.bz2
  sha256: 860178e14e9bdebddfd3c45e696fd59d8b88c2a767fa5916b9fc530425629231
  md5: e1dbea35e934eea56700175b9f63911e
  depends:
  - blas * mkl
  - filelock
  - intel-openmp
  - jinja2
  - libuv >=1.44.2,<2.0a0
  - mkl 2021.4.*
  - networkx
  - python >=3.10,<3.11.0a0
  - pytorch-cuda >=11.8,<11.9
  - pytorch-mutex 1.0 cuda
  - pyyaml
  - sympy
  - typing_extensions
  constrains:
  - cpuonly <0
  license: BSD 3-Clause
  license_family: BSD
  size: 1491875450
  timestamp: 1716916679647
- conda: https://conda.anaconda.org/pytorch/win-64/pytorch-cuda-11.8-h24eeafa_6.tar.bz2
  sha256: d6796c21cb55940e5fb84caf7620778f5270ff06836347ef03db51c467677b07
  md5: 53e8ff8ab87aaa9def5afe1a9c5c7f07
  depends:
  - cuda-cudart >=11.8,<12.0
  - cuda-cudart-dev >=11.8,<12.0
  - cuda-cupti >=11.8,<12.0
  - cuda-libraries >=11.8,<12.0
  - cuda-libraries-dev >=11.8,<12.0
  - cuda-nvrtc >=11.8,<12.0
  - cuda-nvrtc-dev >=11.8,<12.0
  - cuda-nvtx >=11.8,<12.0
  - cuda-runtime >=11.8,<12.0
  - libcublas >=11.11.3.6,<12.0.1.189
  - libcublas-dev >=11.11.3.6,<12.0.1.189
  - libcufft >=10.9.0.58,<11.0.0.21
  - libcufft-dev >=10.9.0.58,<11.0.0.21
  - libcusolver >=11.4.1.48,<11.4.2.57
  - libcusolver-dev >=11.4.1.48,<11.4.2.57
  - libcusparse >=11.7.5.86,<12.0.0.76
  - libcusparse-dev >=11.7.5.86,<12.0.0.76
  - libnpp >=11.8.0.86,<12.0.0.30
  - libnpp-dev >=11.8.0.86,<12.0.0.30
  - libnvjpeg >=11.9.0.86,<12.0.0.28
  - libnvjpeg-dev >=11.9.0.86,<12.0.0.28
  size: 7247
  timestamp: 1713892232423
- conda: https://conda.anaconda.org/pytorch/noarch/pytorch-mutex-1.0-cuda.tar.bz2
  build_number: 100
  sha256: c16316183f51b74ca5eee4dcb8631052f328c0bbf244176734a0b7d390b81ee3
  md5: a948316e36fb5b11223b3fcfa93f8358
  size: 2906
  timestamp: 1628062930777
- conda: https://conda.anaconda.org/conda-forge/win-64/pyyaml-6.0.3-py310hdb0e946_1.conda
  sha256: 3b643534d7b029073fd0ec1548a032854bb45391bc51dfdf9fec8d327e9f688d
  md5: 463566b14434383e34e366143808b4b7
  depends:
  - python >=3.10,<3.11.0a0
  - python_abi 3.10.* *_cp310
  - ucrt >=10.0.20348.0
  - vc >=14.3,<15
  - vc14_runtime >=14.44.35208
  - yaml >=0.2.5,<0.3.0a0
  license: MIT
  license_family: MIT
  size: 157282
  timestamp: 1770223476842
- conda: https://conda.anaconda.org/conda-forge/noarch/sympy-1.14.0-pyh04b8f61_6.conda
  sha256: 772a39271b96ce77fbaf169f43c1097b8e2c8d34c2685e5048cd72459a38ea24
  md5: 1e739b165ad827042e48978718e6532b
  depends:
  - mpmath >=1.1.0,<1.5
  - python >=3.10
  license: BSD-3-Clause
  license_family: BSD
  size: 4626620
  timestamp: 1771952365446
- conda: https://conda.anaconda.org/conda-forge/win-64/tbb-2021.13.0-h62715c5_1.conda
  sha256: 03cc5442046485b03dd1120d0f49d35a7e522930a2ab82f275e938e17b07b302
  md5: 9190dd0a23d925f7602f9628b3aed511
  depends:
  - libhwloc >=2.11.2,<2.11.3.0a0
  - ucrt >=10.0.20348.0
  - vc >=14.2,<15
  - vc14_runtime >=14.29.30139
  license: Apache-2.0
  license_family: APACHE
  size: 151460
  timestamp: 1732982860332
- conda: https://conda.anaconda.org/conda-forge/win-64/tk-8.6.13-h6ed50ae_3.conda
  sha256: 0e79810fae28f3b69fe7391b0d43f5474d6bd91d451d5f2bde02f55ae481d5e3
  md5: 0481bfd9814bf525bd4b3ee4b51494c4
  depends:
  - ucrt >=10.0.20348.0
  - vc >=14.3,<15
  - vc14_runtime >=14.44.35208
  license: TCL
  license_family: BSD
  size: 3526350
  timestamp: 1769460339384
- conda: https://conda.anaconda.org/conda-forge/noarch/typing_extensions-4.15.0-pyhcf101f3_0.conda
  sha256: 032271135bca55aeb156cee361c81350c6f3fb203f57d024d7e5a1fc9ef18731
  md5: 0caa1af407ecff61170c9437a808404d
  depends:
  - python >=3.10
  - python
  license: PSF-2.0
  license_family: PSF
  size: 51692
  timestamp: 1756220668932
- conda: https://conda.anaconda.org/conda-forge/noarch/tzdata-2025c-hc9c84f9_1.conda
  sha256: 1d30098909076af33a35017eed6f2953af1c769e273a0626a04722ac4acaba3c
  md5: ad659d0a2b3e47e38d829aa8cad2d610
  license: LicenseRef-Public-Domain
  size: 119135
  timestamp: 1767016325805
- conda: https://conda.anaconda.org/conda-forge/win-64/ucrt-10.0.26100.0-h57928b3_0.conda
  sha256: 3005729dce6f3d3f5ec91dfc49fc75a0095f9cd23bab49efb899657297ac91a5
  md5: 71b24316859acd00bdb8b38f5e2ce328
  constrains:
  - vc14_runtime >=14.29.30037
  - vs2015_runtime >=14.29.30037
  license: LicenseRef-MicrosoftWindowsSDK10
  size: 694692
  timestamp: 1756385147981
- conda: https://conda.anaconda.org/conda-forge/win-64/vc-14.3-h41ae7f8_36.conda
  sha256: 7c86d8ed3ac473c3e4dde0dd05aeb1f3189a26ad66c0e250f6cf4018e73358f2
  md5: 3466ff4a8753003eeb173f508d3d5a49
  depends:
  - vc14_runtime >=14.44.35208
  track_features:
  - vc14
  license: BSD-3-Clause
  license_family: BSD
  size: 19989
  timestamp: 1778688080106
- conda: https://conda.anaconda.org/conda-forge/win-64/vc14_runtime-14.44.35208-h818238b_36.conda
  sha256: 902984f2282859a76d764d80d74f873df7c7749117cfac15c5106e086fb2b772
  md5: 65f5c81f2796961fcfd808eee8e73596
  depends:
  - ucrt >=10.0.20348.0
  - vcomp14 14.44.35208 h818238b_36
  constrains:
  - vs2015_runtime 14.44.35208.* *_36
  license: LicenseRef-MicrosoftVisualCpp2015-2022Runtime
  license_family: Proprietary
  size: 683790
  timestamp: 1778688078434
- conda: https://conda.anaconda.org/conda-forge/win-64/vcomp14-14.44.35208-h818238b_36.conda
  sha256: 0cd5b905ab2b5e9fcb170fe8801b64917effef8e3a73ffd9b2cc4c3ee387f09c
  md5: 4aa1884260877bd57d16070d20271e2d
  depends:
  - ucrt >=10.0.20348.0
  constrains:
  - vs2015_runtime 14.44.35208.* *_36
  license: LicenseRef-MicrosoftVisualCpp2015-2022Runtime
  license_family: Proprietary
  size: 115995
  timestamp: 1778688058077
- conda: https://conda.anaconda.org/conda-forge/win-64/yaml-0.2.5-h6a83c73_3.conda
  sha256: 80ee68c1e7683a35295232ea79bcc87279d31ffeda04a1665efdb43cbd50a309
  md5: 433699cba6602098ae8957a323da2664
  depends:
  - vc >=14.3,<15
  - vc14_runtime >=14.44.35208
  - ucrt >=10.0.20348.0
  - vc >=14.3,<15
  - vc14_runtime >=14.44.35208
  - ucrt >=10.0.20348.0
  license: MIT
  license_family: MIT
  size: 63944
  timestamp: 1753484092156
